
Microsoft Visual Studio Solution File, Format Version 12.00
# Visual Studio Version 16
VisualStudioVersion = 16.0.30011.22
MinimumVisualStudioVersion = 15.0.26124.0
Project("{2150E333-8FDC-42A3-9474-1A3956D46DE8}") = "src", "src", "{7F8B0BEE-C6A2-41F9-9872-D95770C652D2}"
EndProject
Project("{2150E333-8FDC-42A3-9474-1A3956D46DE8}") = "EmployeeManagement", "EmployeeManagement", "{83A45D6D-BB90-400F-B456-3804BDC109CE}"
EndProject
Project("{2150E333-8FDC-42A3-9474-1A3956D46DE8}") = "TaskManagement", "TaskManagement", "{811DF041-63D3-4C66-BA5E-BCC206FCC91E}"
EndProject
Project("{9A19103F-16F7-4668-BE54-9A1E7A4F7556}") = "TaskManagement.Core", "src\TaskManagement\TaskManagement.Core\TaskManagement.Core.csproj", "{136D8318-FF04-4860-A94F-81B8EB4C90F2}"
EndProject
Global
	GlobalSection(SolutionConfigurationPlatforms) = preSolution
		Debug|Any CPU = Debug|Any CPU
		Debug|x64 = Debug|x64
		Debug|x86 = Debug|x86
		Release|Any CPU = Release|Any CPU
		Release|x64 = Release|x64
		Release|x86 = Release|x86
	EndGlobalSection
	GlobalSection(ProjectConfigurationPlatforms) = postSolution
		{136D8318-FF04-4860-A94F-81B8EB4C90F2}.Debug|Any CPU.ActiveCfg = Debug|Any CPU
		{136D8318-FF04-4860-A94F-81B8EB4C90F2}.Debug|Any CPU.Build.0 = Debug|Any CPU
		{136D8318-FF04-4860-A94F-81B8EB4C90F2}.Debug|x64.ActiveCfg = Debug|Any CPU
		{136D8318-FF04-4860-A94F-81B8EB4C90F2}.Debug|x64.Build.0 = Debug|Any CPU
		{136D8318-FF04-4860-A94F-81B8EB4C90F2}.Debug|x86.ActiveCfg = Debug|Any CPU
		{136D8318-FF04-4860-A94F-81B8EB4C90F2}.Debug|x86.Build.0 = Debug|Any CPU
		{136D8318-FF04-4860-A94F-81B8EB4C90F2}.Release|Any CPU.ActiveCfg = Release|Any CPU
		{136D8318-FF04-4860-A94F-81B8EB4C90F2}.Release|Any CPU.Build.0 = Release|Any CPU
		{136D8318-FF04-4860-A94F-81B8EB4C90F2}.Release|x64.ActiveCfg = Release|Any CPU
		{136D8318-FF04-4860-A94F-81B8EB4C90F2}.Release|x64.Build.0 = Release|Any CPU
		{136D8318-FF04-4860-A94F-81B8EB4C90F2}.Release|x86.ActiveCfg = Release|Any CPU
		{136D8318-FF04-4860-A94F-81B8EB4C90F2}.Release|x86.Build.0 = Release|Any CPU
	EndGlobalSection
	GlobalSection(SolutionProperties) = preSolution
		HideSolutionNode = FALSE
	EndGlobalSection
	GlobalSection(NestedProjects) = preSolution
		{83A45D6D-BB90-400F-B456-3804BDC109CE} = {7F8B0BEE-C6A2-41F9-9872-D95770C652D2}
		{811DF041-63D3-4C66-BA5E-BCC206FCC91E} = {7F8B0BEE-C6A2-41F9-9872-D95770C652D2}
		{136D8318-FF04-4860-A94F-81B8EB4C90F2} = {811DF041-63D3-4C66-BA5E-BCC206FCC91E}
	EndGlobalSection
	GlobalSection(ExtensibilityGlobals) = postSolution
		SolutionGuid = {EEABD455-C888-4687-8E24-A7E43C746063}
	EndGlobalSection
EndGlobal
