
Microsoft Visual Studio Solution File, Format Version 12.00
# Visual Studio Version 16
VisualStudioVersion = 16.0.30011.22
MinimumVisualStudioVersion = 15.0.26124.0
Project("{2150E333-8FDC-42A3-9474-1A3956D46DE8}") = "src", "src", "{7F8B0BEE-C6A2-41F9-9872-D95770C652D2}"
EndProject
Project("{2150E333-8FDC-42A3-9474-1A3956D46DE8}") = "TaskManagement", "TaskManagement", "{811DF041-63D3-4C66-BA5E-BCC206FCC91E}"
EndProject
Project("{9A19103F-16F7-4668-BE54-9A1E7A4F7556}") = "TaskManagement.Core", "src\TaskManagement\TaskManagement.Core\TaskManagement.Core.csproj", "{DBE6FFC0-F37A-4F26-B25A-1E6410FFF5DE}"
EndProject
Project("{9A19103F-16F7-4668-BE54-9A1E7A4F7556}") = "TaskManagement.Infrastructure", "src\TaskManagement\TaskManagement.Infrastructure\TaskManagement.Infrastructure.csproj", "{DD36ED85-A3F6-45F8-B2BA-06AB8F36A2B5}"
EndProject
Project("{9A19103F-16F7-4668-BE54-9A1E7A4F7556}") = "TaskManagement.API", "src\TaskManagement\TaskManagement.API\TaskManagement.API.csproj", "{14B810D5-41FE-433F-AF70-1F84AC197D09}"
EndProject
Project("{2150E333-8FDC-42A3-9474-1A3956D46DE8}") = "IdentityServer", "IdentityServer", "{5B7BE0BC-B7E1-46CE-887D-DBCBAFE294E7}"
EndProject
Project("{9A19103F-16F7-4668-BE54-9A1E7A4F7556}") = "Identity", "Identity\Identity.csproj", "{59950A1C-729A-44E8-8EA5-FC7B79A2CFA6}"
EndProject
Global
	GlobalSection(SolutionConfigurationPlatforms) = preSolution
		Debug|Any CPU = Debug|Any CPU
		Release|Any CPU = Release|Any CPU
	EndGlobalSection
	GlobalSection(ProjectConfigurationPlatforms) = postSolution
		{DBE6FFC0-F37A-4F26-B25A-1E6410FFF5DE}.Debug|Any CPU.ActiveCfg = Debug|Any CPU
		{DBE6FFC0-F37A-4F26-B25A-1E6410FFF5DE}.Debug|Any CPU.Build.0 = Debug|Any CPU
		{DBE6FFC0-F37A-4F26-B25A-1E6410FFF5DE}.Release|Any CPU.ActiveCfg = Release|Any CPU
		{DBE6FFC0-F37A-4F26-B25A-1E6410FFF5DE}.Release|Any CPU.Build.0 = Release|Any CPU
		{DD36ED85-A3F6-45F8-B2BA-06AB8F36A2B5}.Debug|Any CPU.ActiveCfg = Debug|Any CPU
		{DD36ED85-A3F6-45F8-B2BA-06AB8F36A2B5}.Debug|Any CPU.Build.0 = Debug|Any CPU
		{DD36ED85-A3F6-45F8-B2BA-06AB8F36A2B5}.Release|Any CPU.ActiveCfg = Release|Any CPU
		{DD36ED85-A3F6-45F8-B2BA-06AB8F36A2B5}.Release|Any CPU.Build.0 = Release|Any CPU
		{14B810D5-41FE-433F-AF70-1F84AC197D09}.Debug|Any CPU.ActiveCfg = Debug|Any CPU
		{14B810D5-41FE-433F-AF70-1F84AC197D09}.Debug|Any CPU.Build.0 = Debug|Any CPU
		{14B810D5-41FE-433F-AF70-1F84AC197D09}.Release|Any CPU.ActiveCfg = Release|Any CPU
		{14B810D5-41FE-433F-AF70-1F84AC197D09}.Release|Any CPU.Build.0 = Release|Any CPU
		{59950A1C-729A-44E8-8EA5-FC7B79A2CFA6}.Debug|Any CPU.ActiveCfg = Debug|Any CPU
		{59950A1C-729A-44E8-8EA5-FC7B79A2CFA6}.Debug|Any CPU.Build.0 = Debug|Any CPU
		{59950A1C-729A-44E8-8EA5-FC7B79A2CFA6}.Release|Any CPU.ActiveCfg = Release|Any CPU
		{59950A1C-729A-44E8-8EA5-FC7B79A2CFA6}.Release|Any CPU.Build.0 = Release|Any CPU
	EndGlobalSection
	GlobalSection(SolutionProperties) = preSolution
		HideSolutionNode = FALSE
	EndGlobalSection
	GlobalSection(NestedProjects) = preSolution
		{811DF041-63D3-4C66-BA5E-BCC206FCC91E} = {7F8B0BEE-C6A2-41F9-9872-D95770C652D2}
		{DBE6FFC0-F37A-4F26-B25A-1E6410FFF5DE} = {811DF041-63D3-4C66-BA5E-BCC206FCC91E}
		{DD36ED85-A3F6-45F8-B2BA-06AB8F36A2B5} = {811DF041-63D3-4C66-BA5E-BCC206FCC91E}
		{14B810D5-41FE-433F-AF70-1F84AC197D09} = {811DF041-63D3-4C66-BA5E-BCC206FCC91E}
		{5B7BE0BC-B7E1-46CE-887D-DBCBAFE294E7} = {7F8B0BEE-C6A2-41F9-9872-D95770C652D2}
		{59950A1C-729A-44E8-8EA5-FC7B79A2CFA6} = {5B7BE0BC-B7E1-46CE-887D-DBCBAFE294E7}
	EndGlobalSection
	GlobalSection(ExtensibilityGlobals) = postSolution
		SolutionGuid = {EEABD455-C888-4687-8E24-A7E43C746063}
	EndGlobalSection
EndGlobal
